
Microsoft Visual Studio Solution File, Format Version 12.00
Project("{2150E333-8FDC-42A3-9474-1A3956D46DE8}") = "src", "src", "{AA7FC38A-8ADE-4C2A-BD65-2AED7E04B6E8}"
EndProject
Project("{FAE04EC0-301F-11D3-BF4B-00C04F79EFBC}") = "Set.Domain", "Set.Domain\Set.Domain.csproj", "{C92F1280-6BCF-4466-BE19-0460AD987E32}"
EndProject
Project("{FAE04EC0-301F-11D3-BF4B-00C04F79EFBC}") = "Set.Application", "Set.Application\Set.Application.csproj", "{EA6ACBB7-C615-4502-8A33-B63D46E72D7C}"
EndProject
Project("{FAE04EC0-301F-11D3-BF4B-00C04F79EFBC}") = "Set.Infrastructure", "Set.Infrastructure\Set.Infrastructure.csproj", "{CFEFA573-B1FF-4B57-AA28-87A91E66DDCD}"
EndProject
Project("{FAE04EC0-301F-11D3-BF4B-00C04F79EFBC}") = "Set.WebUI.Server", "Set.WebUI.Server\Set.WebUI.Server.csproj", "{E37D7082-5EB1-414E-B7EA-5B167156C371}"
EndProject
Project("{FAE04EC0-301F-11D3-BF4B-00C04F79EFBC}") = "Set.Api", "Set.Api\Set.Api.csproj", "{705177CC-C2E3-4995-9BB5-523569F6F935}"
EndProject
Project("{FAE04EC0-301F-11D3-BF4B-00C04F79EFBC}") = "Set.Contracts", "Set.Contracts\Set.Contracts.csproj", "{902A24C9-909B-4C4D-BE26-198E9602C481}"
EndProject
Project("{2150E333-8FDC-42A3-9474-1A3956D46DE8}") = "presentation", "presentation", "{F3D06822-539F-4902-B6B2-92F53B90D69F}"
EndProject
Global
	GlobalSection(SolutionConfigurationPlatforms) = preSolution
		Debug|Any CPU = Debug|Any CPU
		Release|Any CPU = Release|Any CPU
	EndGlobalSection
	GlobalSection(NestedProjects) = preSolution
		{C92F1280-6BCF-4466-BE19-0460AD987E32} = {AA7FC38A-8ADE-4C2A-BD65-2AED7E04B6E8}
		{EA6ACBB7-C615-4502-8A33-B63D46E72D7C} = {AA7FC38A-8ADE-4C2A-BD65-2AED7E04B6E8}
		{CFEFA573-B1FF-4B57-AA28-87A91E66DDCD} = {AA7FC38A-8ADE-4C2A-BD65-2AED7E04B6E8}
		{F3D06822-539F-4902-B6B2-92F53B90D69F} = {AA7FC38A-8ADE-4C2A-BD65-2AED7E04B6E8}
		{705177CC-C2E3-4995-9BB5-523569F6F935} = {F3D06822-539F-4902-B6B2-92F53B90D69F}
		{902A24C9-909B-4C4D-BE26-198E9602C481} = {F3D06822-539F-4902-B6B2-92F53B90D69F}
		{E37D7082-5EB1-414E-B7EA-5B167156C371} = {F3D06822-539F-4902-B6B2-92F53B90D69F}
	EndGlobalSection
	GlobalSection(ProjectConfigurationPlatforms) = postSolution
		{C92F1280-6BCF-4466-BE19-0460AD987E32}.Debug|Any CPU.ActiveCfg = Debug|Any CPU
		{C92F1280-6BCF-4466-BE19-0460AD987E32}.Debug|Any CPU.Build.0 = Debug|Any CPU
		{C92F1280-6BCF-4466-BE19-0460AD987E32}.Release|Any CPU.ActiveCfg = Release|Any CPU
		{C92F1280-6BCF-4466-BE19-0460AD987E32}.Release|Any CPU.Build.0 = Release|Any CPU
		{EA6ACBB7-C615-4502-8A33-B63D46E72D7C}.Debug|Any CPU.ActiveCfg = Debug|Any CPU
		{EA6ACBB7-C615-4502-8A33-B63D46E72D7C}.Debug|Any CPU.Build.0 = Debug|Any CPU
		{EA6ACBB7-C615-4502-8A33-B63D46E72D7C}.Release|Any CPU.ActiveCfg = Release|Any CPU
		{EA6ACBB7-C615-4502-8A33-B63D46E72D7C}.Release|Any CPU.Build.0 = Release|Any CPU
		{CFEFA573-B1FF-4B57-AA28-87A91E66DDCD}.Debug|Any CPU.ActiveCfg = Debug|Any CPU
		{CFEFA573-B1FF-4B57-AA28-87A91E66DDCD}.Debug|Any CPU.Build.0 = Debug|Any CPU
		{CFEFA573-B1FF-4B57-AA28-87A91E66DDCD}.Release|Any CPU.ActiveCfg = Release|Any CPU
		{CFEFA573-B1FF-4B57-AA28-87A91E66DDCD}.Release|Any CPU.Build.0 = Release|Any CPU
		{E37D7082-5EB1-414E-B7EA-5B167156C371}.Debug|Any CPU.ActiveCfg = Debug|Any CPU
		{E37D7082-5EB1-414E-B7EA-5B167156C371}.Debug|Any CPU.Build.0 = Debug|Any CPU
		{E37D7082-5EB1-414E-B7EA-5B167156C371}.Release|Any CPU.ActiveCfg = Release|Any CPU
		{E37D7082-5EB1-414E-B7EA-5B167156C371}.Release|Any CPU.Build.0 = Release|Any CPU
		{705177CC-C2E3-4995-9BB5-523569F6F935}.Debug|Any CPU.ActiveCfg = Debug|Any CPU
		{705177CC-C2E3-4995-9BB5-523569F6F935}.Debug|Any CPU.Build.0 = Debug|Any CPU
		{705177CC-C2E3-4995-9BB5-523569F6F935}.Release|Any CPU.ActiveCfg = Release|Any CPU
		{705177CC-C2E3-4995-9BB5-523569F6F935}.Release|Any CPU.Build.0 = Release|Any CPU
		{902A24C9-909B-4C4D-BE26-198E9602C481}.Debug|Any CPU.ActiveCfg = Debug|Any CPU
		{902A24C9-909B-4C4D-BE26-198E9602C481}.Debug|Any CPU.Build.0 = Debug|Any CPU
		{902A24C9-909B-4C4D-BE26-198E9602C481}.Release|Any CPU.ActiveCfg = Release|Any CPU
		{902A24C9-909B-4C4D-BE26-198E9602C481}.Release|Any CPU.Build.0 = Release|Any CPU
	EndGlobalSection
EndGlobal
