
Microsoft Visual Studio Solution File, Format Version 12.00
Project("{2150E333-8FDC-42A3-9474-1A3956D46DE8}") = "src", "src", "{AA7FC38A-8ADE-4C2A-BD65-2AED7E04B6E8}"
EndProject
Project("{FAE04EC0-301F-11D3-BF4B-00C04F79EFBC}") = "SetGame.Domain", "SetGame.Domain\SetGame.Domain.csproj", "{C92F1280-6BCF-4466-BE19-0460AD987E32}"
EndProject
Project("{FAE04EC0-301F-11D3-BF4B-00C04F79EFBC}") = "SetGame.Application", "SetGame.Application\SetGame.Application.csproj", "{EA6ACBB7-C615-4502-8A33-B63D46E72D7C}"
EndProject
Project("{FAE04EC0-301F-11D3-BF4B-00C04F79EFBC}") = "SetGame.Infrastructure", "SetGame.Infrastructure\SetGame.Infrastructure.csproj", "{CFEFA573-B1FF-4B57-AA28-87A91E66DDCD}"
EndProject
Project("{FAE04EC0-301F-11D3-BF4B-00C04F79EFBC}") = "SetGame.WebUI.Server", "SetGame.WebUI.Server\SetGame.WebUI.Server.csproj", "{E37D7082-5EB1-414E-B7EA-5B167156C371}"
EndProject
Project("{FAE04EC0-301F-11D3-BF4B-00C04F79EFBC}") = "SetGame.Api", "SetGame.Api\SetGame.Api.csproj", "{705177CC-C2E3-4995-9BB5-523569F6F935}"
EndProject
Project("{FAE04EC0-301F-11D3-BF4B-00C04F79EFBC}") = "SetGame.Contracts", "SetGame.Contracts\SetGame.Contracts.csproj", "{902A24C9-909B-4C4D-BE26-198E9602C481}"
EndProject
Global
	GlobalSection(SolutionConfigurationPlatforms) = preSolution
		Debug|Any CPU = Debug|Any CPU
		Release|Any CPU = Release|Any CPU
	EndGlobalSection
	GlobalSection(NestedProjects) = preSolution
		{C92F1280-6BCF-4466-BE19-0460AD987E32} = {AA7FC38A-8ADE-4C2A-BD65-2AED7E04B6E8}
		{EA6ACBB7-C615-4502-8A33-B63D46E72D7C} = {AA7FC38A-8ADE-4C2A-BD65-2AED7E04B6E8}
		{CFEFA573-B1FF-4B57-AA28-87A91E66DDCD} = {AA7FC38A-8ADE-4C2A-BD65-2AED7E04B6E8}
		{705177CC-C2E3-4995-9BB5-523569F6F935} = {AA7FC38A-8ADE-4C2A-BD65-2AED7E04B6E8}
		{902A24C9-909B-4C4D-BE26-198E9602C481} = {AA7FC38A-8ADE-4C2A-BD65-2AED7E04B6E8}
		{E37D7082-5EB1-414E-B7EA-5B167156C371} = {AA7FC38A-8ADE-4C2A-BD65-2AED7E04B6E8}
	EndGlobalSection
	GlobalSection(ProjectConfigurationPlatforms) = postSolution
		{C92F1280-6BCF-4466-BE19-0460AD987E32}.Debug|Any CPU.ActiveCfg = Debug|Any CPU
		{C92F1280-6BCF-4466-BE19-0460AD987E32}.Debug|Any CPU.Build.0 = Debug|Any CPU
		{C92F1280-6BCF-4466-BE19-0460AD987E32}.Release|Any CPU.ActiveCfg = Release|Any CPU
		{C92F1280-6BCF-4466-BE19-0460AD987E32}.Release|Any CPU.Build.0 = Release|Any CPU
		{EA6ACBB7-C615-4502-8A33-B63D46E72D7C}.Debug|Any CPU.ActiveCfg = Debug|Any CPU
		{EA6ACBB7-C615-4502-8A33-B63D46E72D7C}.Debug|Any CPU.Build.0 = Debug|Any CPU
		{EA6ACBB7-C615-4502-8A33-B63D46E72D7C}.Release|Any CPU.ActiveCfg = Release|Any CPU
		{EA6ACBB7-C615-4502-8A33-B63D46E72D7C}.Release|Any CPU.Build.0 = Release|Any CPU
		{CFEFA573-B1FF-4B57-AA28-87A91E66DDCD}.Debug|Any CPU.ActiveCfg = Debug|Any CPU
		{CFEFA573-B1FF-4B57-AA28-87A91E66DDCD}.Debug|Any CPU.Build.0 = Debug|Any CPU
		{CFEFA573-B1FF-4B57-AA28-87A91E66DDCD}.Release|Any CPU.ActiveCfg = Release|Any CPU
		{CFEFA573-B1FF-4B57-AA28-87A91E66DDCD}.Release|Any CPU.Build.0 = Release|Any CPU
		{E37D7082-5EB1-414E-B7EA-5B167156C371}.Debug|Any CPU.ActiveCfg = Debug|Any CPU
		{E37D7082-5EB1-414E-B7EA-5B167156C371}.Debug|Any CPU.Build.0 = Debug|Any CPU
		{E37D7082-5EB1-414E-B7EA-5B167156C371}.Release|Any CPU.ActiveCfg = Release|Any CPU
		{E37D7082-5EB1-414E-B7EA-5B167156C371}.Release|Any CPU.Build.0 = Release|Any CPU
		{705177CC-C2E3-4995-9BB5-523569F6F935}.Debug|Any CPU.ActiveCfg = Debug|Any CPU
		{705177CC-C2E3-4995-9BB5-523569F6F935}.Debug|Any CPU.Build.0 = Debug|Any CPU
		{705177CC-C2E3-4995-9BB5-523569F6F935}.Release|Any CPU.ActiveCfg = Release|Any CPU
		{705177CC-C2E3-4995-9BB5-523569F6F935}.Release|Any CPU.Build.0 = Release|Any CPU
		{902A24C9-909B-4C4D-BE26-198E9602C481}.Debug|Any CPU.ActiveCfg = Debug|Any CPU
		{902A24C9-909B-4C4D-BE26-198E9602C481}.Debug|Any CPU.Build.0 = Debug|Any CPU
		{902A24C9-909B-4C4D-BE26-198E9602C481}.Release|Any CPU.ActiveCfg = Release|Any CPU
		{902A24C9-909B-4C4D-BE26-198E9602C481}.Release|Any CPU.Build.0 = Release|Any CPU
	EndGlobalSection
EndGlobal
